
Microsoft Visual Studio Solution File, Format Version 12.00
# Visual Studio 2013
VisualStudioVersion = 12.0.30723.0
MinimumVisualStudioVersion = 10.0.40219.1
Project("{FAE04EC0-301F-11D3-BF4B-00C04F79EFBC}") = "Hermes", "Hermes\Hermes.csproj", "{2266CC77-210B-48DB-8FA9-29C4CB432C1A}"
EndProject
Project("{FAE04EC0-301F-11D3-BF4B-00C04F79EFBC}") = "Hermes.Serialization.Json", "Hermes.Serialization.Json\Hermes.Serialization.Json.csproj", "{F9F3ECB0-1FE2-48C0-B517-9B1ADC9ADD92}"
EndProject
Project("{2150E333-8FDC-42A3-9474-1A3956D46DE8}") = ".nuget", ".nuget", "{DA7D007A-48EC-476E-AAA9-6963A300FE96}"
	ProjectSection(SolutionItems) = preProject
		.nuget\NuGet.Config = .nuget\NuGet.Config
		.nuget\NuGet.exe = .nuget\NuGet.exe
		.nuget\NuGet.targets = .nuget\NuGet.targets
	EndProjectSection
EndProject
Project("{FAE04EC0-301F-11D3-BF4B-00C04F79EFBC}") = "Hermes.Messaging", "Hermes.Messaging\Hermes.Messaging.csproj", "{AC67EFD9-6B5B-4A85-B310-BCB6821339CD}"
EndProject
Project("{FAE04EC0-301F-11D3-BF4B-00C04F79EFBC}") = "Hermes.ObjectBuilder.Autofac", "Hermes.ObjectBuilder.Autofac\Hermes.ObjectBuilder.Autofac.csproj", "{DB529F69-F0FE-4B40-BC7F-46850A7B400B}"
EndProject
Project("{FAE04EC0-301F-11D3-BF4B-00C04F79EFBC}") = "Hermes.EntityFramework", "Hermes.EntityFramework\Hermes.EntityFramework.csproj", "{6FD32DC4-BA2B-4B5E-9666-7C6ED5AAE09A}"
EndProject
Project("{FAE04EC0-301F-11D3-BF4B-00C04F79EFBC}") = "Hermes.Domain", "Hermes.Domain\Hermes.Domain.csproj", "{0AAB1D40-4A95-4893-8127-694AEED84258}"
EndProject
Project("{FAE04EC0-301F-11D3-BF4B-00C04F79EFBC}") = "Hermes.ServiceHost", "Hermes.ServiceHost\Hermes.ServiceHost.csproj", "{925AAF48-6C3C-4606-9FC6-49A5175C1B26}"
EndProject
Project("{2150E333-8FDC-42A3-9474-1A3956D46DE8}") = "Tests", "Tests", "{02F0A028-09F0-4C4F-B48C-6D620B7F30AF}"
EndProject
Project("{FAE04EC0-301F-11D3-BF4B-00C04F79EFBC}") = "Hermes.Domain.Tests", "Hermes.Domain.Tests\Hermes.Domain.Tests.csproj", "{799F740B-8F96-4915-831D-D710CB5FD494}"
EndProject
Project("{FAE04EC0-301F-11D3-BF4B-00C04F79EFBC}") = "Hermes.Serialization.Json.Tests", "Hermes.Serialization.Json.Tests\Hermes.Serialization.Json.Tests.csproj", "{1D72B144-DCD4-4151-806D-ADF3C3CB1317}"
EndProject
Project("{FAE04EC0-301F-11D3-BF4B-00C04F79EFBC}") = "Hermes.Core.Tests", "Hermes.Core.Tests\Hermes.Core.Tests.csproj", "{0CADAE78-E603-483A-92CB-3E3EB99F62F3}"
EndProject
Project("{FAE04EC0-301F-11D3-BF4B-00C04F79EFBC}") = "Hermes.Cron.Tests", "Hermes.Cron.Tests\Hermes.Cron.Tests.csproj", "{5D0050B3-6C22-4CAC-AD60-6C700CEACB8F}"
EndProject
Global
	GlobalSection(SolutionConfigurationPlatforms) = preSolution
		Debug|Any CPU = Debug|Any CPU
		Release|Any CPU = Release|Any CPU
	EndGlobalSection
	GlobalSection(ProjectConfigurationPlatforms) = postSolution
		{2266CC77-210B-48DB-8FA9-29C4CB432C1A}.Debug|Any CPU.ActiveCfg = Debug|Any CPU
		{2266CC77-210B-48DB-8FA9-29C4CB432C1A}.Debug|Any CPU.Build.0 = Debug|Any CPU
		{2266CC77-210B-48DB-8FA9-29C4CB432C1A}.Release|Any CPU.ActiveCfg = Release|Any CPU
		{2266CC77-210B-48DB-8FA9-29C4CB432C1A}.Release|Any CPU.Build.0 = Release|Any CPU
		{F9F3ECB0-1FE2-48C0-B517-9B1ADC9ADD92}.Debug|Any CPU.ActiveCfg = Debug|Any CPU
		{F9F3ECB0-1FE2-48C0-B517-9B1ADC9ADD92}.Debug|Any CPU.Build.0 = Debug|Any CPU
		{F9F3ECB0-1FE2-48C0-B517-9B1ADC9ADD92}.Release|Any CPU.ActiveCfg = Release|Any CPU
		{F9F3ECB0-1FE2-48C0-B517-9B1ADC9ADD92}.Release|Any CPU.Build.0 = Release|Any CPU
		{AC67EFD9-6B5B-4A85-B310-BCB6821339CD}.Debug|Any CPU.ActiveCfg = Debug|Any CPU
		{AC67EFD9-6B5B-4A85-B310-BCB6821339CD}.Debug|Any CPU.Build.0 = Debug|Any CPU
		{AC67EFD9-6B5B-4A85-B310-BCB6821339CD}.Release|Any CPU.ActiveCfg = Release|Any CPU
		{AC67EFD9-6B5B-4A85-B310-BCB6821339CD}.Release|Any CPU.Build.0 = Release|Any CPU
		{DB529F69-F0FE-4B40-BC7F-46850A7B400B}.Debug|Any CPU.ActiveCfg = Debug|Any CPU
		{DB529F69-F0FE-4B40-BC7F-46850A7B400B}.Debug|Any CPU.Build.0 = Debug|Any CPU
		{DB529F69-F0FE-4B40-BC7F-46850A7B400B}.Release|Any CPU.ActiveCfg = Release|Any CPU
		{DB529F69-F0FE-4B40-BC7F-46850A7B400B}.Release|Any CPU.Build.0 = Release|Any CPU
		{6FD32DC4-BA2B-4B5E-9666-7C6ED5AAE09A}.Debug|Any CPU.ActiveCfg = Debug|Any CPU
		{6FD32DC4-BA2B-4B5E-9666-7C6ED5AAE09A}.Debug|Any CPU.Build.0 = Debug|Any CPU
		{6FD32DC4-BA2B-4B5E-9666-7C6ED5AAE09A}.Release|Any CPU.ActiveCfg = Release|Any CPU
		{6FD32DC4-BA2B-4B5E-9666-7C6ED5AAE09A}.Release|Any CPU.Build.0 = Release|Any CPU
		{0AAB1D40-4A95-4893-8127-694AEED84258}.Debug|Any CPU.ActiveCfg = Debug|Any CPU
		{0AAB1D40-4A95-4893-8127-694AEED84258}.Debug|Any CPU.Build.0 = Debug|Any CPU
		{0AAB1D40-4A95-4893-8127-694AEED84258}.Release|Any CPU.ActiveCfg = Release|Any CPU
		{0AAB1D40-4A95-4893-8127-694AEED84258}.Release|Any CPU.Build.0 = Release|Any CPU
		{925AAF48-6C3C-4606-9FC6-49A5175C1B26}.Debug|Any CPU.ActiveCfg = Debug|Any CPU
		{925AAF48-6C3C-4606-9FC6-49A5175C1B26}.Debug|Any CPU.Build.0 = Debug|Any CPU
		{925AAF48-6C3C-4606-9FC6-49A5175C1B26}.Release|Any CPU.ActiveCfg = Release|Any CPU
		{925AAF48-6C3C-4606-9FC6-49A5175C1B26}.Release|Any CPU.Build.0 = Release|Any CPU
		{799F740B-8F96-4915-831D-D710CB5FD494}.Debug|Any CPU.ActiveCfg = Debug|Any CPU
		{799F740B-8F96-4915-831D-D710CB5FD494}.Debug|Any CPU.Build.0 = Debug|Any CPU
		{799F740B-8F96-4915-831D-D710CB5FD494}.Release|Any CPU.ActiveCfg = Release|Any CPU
		{799F740B-8F96-4915-831D-D710CB5FD494}.Release|Any CPU.Build.0 = Release|Any CPU
		{1D72B144-DCD4-4151-806D-ADF3C3CB1317}.Debug|Any CPU.ActiveCfg = Debug|Any CPU
		{1D72B144-DCD4-4151-806D-ADF3C3CB1317}.Debug|Any CPU.Build.0 = Debug|Any CPU
		{1D72B144-DCD4-4151-806D-ADF3C3CB1317}.Release|Any CPU.ActiveCfg = Release|Any CPU
		{1D72B144-DCD4-4151-806D-ADF3C3CB1317}.Release|Any CPU.Build.0 = Release|Any CPU
		{0CADAE78-E603-483A-92CB-3E3EB99F62F3}.Debug|Any CPU.ActiveCfg = Debug|Any CPU
		{0CADAE78-E603-483A-92CB-3E3EB99F62F3}.Debug|Any CPU.Build.0 = Debug|Any CPU
		{0CADAE78-E603-483A-92CB-3E3EB99F62F3}.Release|Any CPU.ActiveCfg = Release|Any CPU
		{0CADAE78-E603-483A-92CB-3E3EB99F62F3}.Release|Any CPU.Build.0 = Release|Any CPU
		{5D0050B3-6C22-4CAC-AD60-6C700CEACB8F}.Debug|Any CPU.ActiveCfg = Debug|Any CPU
		{5D0050B3-6C22-4CAC-AD60-6C700CEACB8F}.Debug|Any CPU.Build.0 = Debug|Any CPU
		{5D0050B3-6C22-4CAC-AD60-6C700CEACB8F}.Release|Any CPU.ActiveCfg = Release|Any CPU
		{5D0050B3-6C22-4CAC-AD60-6C700CEACB8F}.Release|Any CPU.Build.0 = Release|Any CPU
	EndGlobalSection
	GlobalSection(SolutionProperties) = preSolution
		HideSolutionNode = FALSE
	EndGlobalSection
	GlobalSection(NestedProjects) = preSolution
		{799F740B-8F96-4915-831D-D710CB5FD494} = {02F0A028-09F0-4C4F-B48C-6D620B7F30AF}
		{1D72B144-DCD4-4151-806D-ADF3C3CB1317} = {02F0A028-09F0-4C4F-B48C-6D620B7F30AF}
		{0CADAE78-E603-483A-92CB-3E3EB99F62F3} = {02F0A028-09F0-4C4F-B48C-6D620B7F30AF}
		{5D0050B3-6C22-4CAC-AD60-6C700CEACB8F} = {02F0A028-09F0-4C4F-B48C-6D620B7F30AF}
	EndGlobalSection
	GlobalSection(NDepend) = preSolution
		Project = ".\Hermes.ndproj"
	EndGlobalSection
EndGlobal
