
Microsoft Visual Studio Solution File, Format Version 12.00
# Visual Studio 2012
Project("{FAE04EC0-301F-11D3-BF4B-00C04F79EFBC}") = "Requestor", "Requestor\Requestor.csproj", "{DE4C31EB-7794-4517-8F3C-4605CE65C4B3}"
EndProject
Project("{FAE04EC0-301F-11D3-BF4B-00C04F79EFBC}") = "RequestResponseMessages", "RequestResponseMessages\RequestResponseMessages.csproj", "{0B40EF77-61F8-4ADB-A3F6-159A3FE45706}"
EndProject
Project("{2150E333-8FDC-42A3-9474-1A3956D46DE8}") = ".nuget", ".nuget", "{B1932B60-F087-4402-9306-144EA8553976}"
	ProjectSection(SolutionItems) = preProject
		.nuget\NuGet.Config = .nuget\NuGet.Config
		.nuget\NuGet.exe = .nuget\NuGet.exe
		.nuget\NuGet.targets = .nuget\NuGet.targets
	EndProjectSection
EndProject
Project("{FAE04EC0-301F-11D3-BF4B-00C04F79EFBC}") = "Responder", "Responder\Responder.csproj", "{3169A2D0-108E-4950-886B-26E986142874}"
EndProject
Global
	GlobalSection(SolutionConfigurationPlatforms) = preSolution
		Debug|Any CPU = Debug|Any CPU
		Release|Any CPU = Release|Any CPU
	EndGlobalSection
	GlobalSection(ProjectConfigurationPlatforms) = postSolution
		{DE4C31EB-7794-4517-8F3C-4605CE65C4B3}.Debug|Any CPU.ActiveCfg = Debug|Any CPU
		{DE4C31EB-7794-4517-8F3C-4605CE65C4B3}.Debug|Any CPU.Build.0 = Debug|Any CPU
		{DE4C31EB-7794-4517-8F3C-4605CE65C4B3}.Release|Any CPU.ActiveCfg = Release|Any CPU
		{DE4C31EB-7794-4517-8F3C-4605CE65C4B3}.Release|Any CPU.Build.0 = Release|Any CPU
		{0B40EF77-61F8-4ADB-A3F6-159A3FE45706}.Debug|Any CPU.ActiveCfg = Debug|Any CPU
		{0B40EF77-61F8-4ADB-A3F6-159A3FE45706}.Debug|Any CPU.Build.0 = Debug|Any CPU
		{0B40EF77-61F8-4ADB-A3F6-159A3FE45706}.Release|Any CPU.ActiveCfg = Release|Any CPU
		{0B40EF77-61F8-4ADB-A3F6-159A3FE45706}.Release|Any CPU.Build.0 = Release|Any CPU
		{3169A2D0-108E-4950-886B-26E986142874}.Debug|Any CPU.ActiveCfg = Debug|Any CPU
		{3169A2D0-108E-4950-886B-26E986142874}.Debug|Any CPU.Build.0 = Debug|Any CPU
		{3169A2D0-108E-4950-886B-26E986142874}.Release|Any CPU.ActiveCfg = Release|Any CPU
		{3169A2D0-108E-4950-886B-26E986142874}.Release|Any CPU.Build.0 = Release|Any CPU
	EndGlobalSection
	GlobalSection(SolutionProperties) = preSolution
		HideSolutionNode = FALSE
	EndGlobalSection
EndGlobal
