
Microsoft Visual Studio Solution File, Format Version 12.00
# Visual Studio 2013
VisualStudioVersion = 12.0.30723.0
MinimumVisualStudioVersion = 10.0.40219.1
Project("{FAE04EC0-301F-11D3-BF4B-00C04F79EFBC}") = "MsmqTest", "MsmqTest\MsmqTest.csproj", "{AE47F9B7-AEF7-4B36-A9D2-09A7705741AE}"
EndProject
Project("{FAE04EC0-301F-11D3-BF4B-00C04F79EFBC}") = "MsmqTest.Endpoint", "MsmqTest.Endpoint\MsmqTest.Endpoint.csproj", "{CF519261-659D-4B58-AB6A-52F5EC677138}"
EndProject
Project("{FAE04EC0-301F-11D3-BF4B-00C04F79EFBC}") = "MsmqTest.Contracts", "MsmqTest.Contracts\MsmqTest.Contracts.csproj", "{7DA4B10B-4A98-4D92-A877-BE5F99EB3944}"
EndProject
Project("{2150E333-8FDC-42A3-9474-1A3956D46DE8}") = ".nuget", ".nuget", "{8F73BE3A-A6A6-4A74-8877-8FF9F59B61F3}"
	ProjectSection(SolutionItems) = preProject
		.nuget\NuGet.Config = .nuget\NuGet.Config
		.nuget\NuGet.exe = .nuget\NuGet.exe
		.nuget\NuGet.targets = .nuget\NuGet.targets
	EndProjectSection
EndProject
Global
	GlobalSection(SolutionConfigurationPlatforms) = preSolution
		Debug|Any CPU = Debug|Any CPU
		Release|Any CPU = Release|Any CPU
	EndGlobalSection
	GlobalSection(ProjectConfigurationPlatforms) = postSolution
		{AE47F9B7-AEF7-4B36-A9D2-09A7705741AE}.Debug|Any CPU.ActiveCfg = Debug|Any CPU
		{AE47F9B7-AEF7-4B36-A9D2-09A7705741AE}.Debug|Any CPU.Build.0 = Debug|Any CPU
		{AE47F9B7-AEF7-4B36-A9D2-09A7705741AE}.Release|Any CPU.ActiveCfg = Release|Any CPU
		{AE47F9B7-AEF7-4B36-A9D2-09A7705741AE}.Release|Any CPU.Build.0 = Release|Any CPU
		{CF519261-659D-4B58-AB6A-52F5EC677138}.Debug|Any CPU.ActiveCfg = Debug|Any CPU
		{CF519261-659D-4B58-AB6A-52F5EC677138}.Debug|Any CPU.Build.0 = Debug|Any CPU
		{CF519261-659D-4B58-AB6A-52F5EC677138}.Release|Any CPU.ActiveCfg = Release|Any CPU
		{CF519261-659D-4B58-AB6A-52F5EC677138}.Release|Any CPU.Build.0 = Release|Any CPU
		{7DA4B10B-4A98-4D92-A877-BE5F99EB3944}.Debug|Any CPU.ActiveCfg = Debug|Any CPU
		{7DA4B10B-4A98-4D92-A877-BE5F99EB3944}.Debug|Any CPU.Build.0 = Debug|Any CPU
		{7DA4B10B-4A98-4D92-A877-BE5F99EB3944}.Release|Any CPU.ActiveCfg = Release|Any CPU
		{7DA4B10B-4A98-4D92-A877-BE5F99EB3944}.Release|Any CPU.Build.0 = Release|Any CPU
	EndGlobalSection
	GlobalSection(SolutionProperties) = preSolution
		HideSolutionNode = FALSE
	EndGlobalSection
EndGlobal
